
Microsoft Visual Studio Solution File, Format Version 12.00
# Visual Studio Version 17
VisualStudioVersion = 17.14.36301.6
MinimumVisualStudioVersion = 10.0.40219.1
Project("{FAE04EC0-301F-11D3-BF4B-00C04F79EFBC}") = "TheSecretOfAnimaCore", "TheSecretOfAnimaCore.csproj", "{250AE596-89D5-40B1-ACA3-DD9E47FFA2B8}"
EndProject
Global
	GlobalSection(SolutionConfigurationPlatforms) = preSolution
		Debug|Any CPU = Debug|Any CPU
		Release|Any CPU = Release|Any CPU
	EndGlobalSection
	GlobalSection(ProjectConfigurationPlatforms) = postSolution
		{250AE596-89D5-40B1-ACA3-DD9E47FFA2B8}.Debug|Any CPU.ActiveCfg = Release|Any CPU
		{250AE596-89D5-40B1-ACA3-DD9E47FFA2B8}.Debug|Any CPU.Build.0 = Release|Any CPU
		{250AE596-89D5-40B1-ACA3-DD9E47FFA2B8}.Release|Any CPU.ActiveCfg = Release|Any CPU
		{250AE596-89D5-40B1-ACA3-DD9E47FFA2B8}.Release|Any CPU.Build.0 = Release|Any CPU
	EndGlobalSection
	GlobalSection(SolutionProperties) = preSolution
		HideSolutionNode = FALSE
	EndGlobalSection
	GlobalSection(ExtensibilityGlobals) = postSolution
		SolutionGuid = {C4A36533-3945-491B-8DD0-B7942A29DA05}
	EndGlobalSection
EndGlobal
